// !$*UTF8*$!
{
	archiveVersion = 1;
	classes = {
	};
	objectVersion = 48;
	objects = {

/* Begin PBXBuildFile section */
		047BAF3E21CF8BBE00EAE1F7 /* AppDelegate.swift in Sources */ = {isa = PBXBuildFile; fileRef = 047BAF3D21CF8BBE00EAE1F7 /* AppDelegate.swift */; };
		047BAF4021CF8BBE00EAE1F7 /* ViewController.swift in Sources */ = {isa = PBXBuildFile; fileRef = 047BAF3F21CF8BBE00EAE1F7 /* ViewController.swift */; };
		047BAF4321CF8BBE00EAE1F7 /* Main.storyboard in Resources */ = {isa = PBXBuildFile; fileRef = 047BAF4121CF8BBE00EAE1F7 /* Main.storyboard */; };
		047BAF4621CF8BBE00EAE1F7 /* CoreDataSearch.xcdatamodeld in Sources */ = {isa = PBXBuildFile; fileRef = 047BAF4421CF8BBE00EAE1F7 /* CoreDataSearch.xcdatamodeld */; };
		047BAF4821CF8BBE00EAE1F7 /* Assets.xcassets in Resources */ = {isa = PBXBuildFile; fileRef = 047BAF4721CF8BBE00EAE1F7 /* Assets.xcassets */; };
		047BAF4B21CF8BBE00EAE1F7 /* LaunchScreen.storyboard in Resources */ = {isa = PBXBuildFile; fileRef = 047BAF4921CF8BBE00EAE1F7 /* LaunchScreen.storyboard */; };
		047BAF5621CF8FC600EAE1F7 /* TFTableViewCell.swift in Sources */ = {isa = PBXBuildFile; fileRef = 047BAF5421CF8FC600EAE1F7 /* TFTableViewCell.swift */; };
		047BAF5721CF8FC600EAE1F7 /* TFTableViewCell.xib in Resources */ = {isa = PBXBuildFile; fileRef = 047BAF5521CF8FC600EAE1F7 /* TFTableViewCell.xib */; };
		047BAF5A21CF8FDC00EAE1F7 /* TVTableViewCell.swift in Sources */ = {isa = PBXBuildFile; fileRef = 047BAF5821CF8FDC00EAE1F7 /* TVTableViewCell.swift */; };
		047BAF5B21CF8FDC00EAE1F7 /* TVTableViewCell.xib in Resources */ = {isa = PBXBuildFile; fileRef = 047BAF5921CF8FDC00EAE1F7 /* TVTableViewCell.xib */; };
		047BAF5E21CF8FEF00EAE1F7 /* BtnTableViewCell.swift in Sources */ = {isa = PBXBuildFile; fileRef = 047BAF5C21CF8FEF00EAE1F7 /* BtnTableViewCell.swift */; };
		047BAF5F21CF8FEF00EAE1F7 /* BtnTableViewCell.xib in Resources */ = {isa = PBXBuildFile; fileRef = 047BAF5D21CF8FEF00EAE1F7 /* BtnTableViewCell.xib */; };
		047BAF6221CF900500EAE1F7 /* CBTableViewCell.swift in Sources */ = {isa = PBXBuildFile; fileRef = 047BAF6021CF900500EAE1F7 /* CBTableViewCell.swift */; };
		047BAF6321CF900500EAE1F7 /* CBTableViewCell.xib in Resources */ = {isa = PBXBuildFile; fileRef = 047BAF6121CF900500EAE1F7 /* CBTableViewCell.xib */; };
		047BAF6621CF902600EAE1F7 /* ResultTableViewCell.swift in Sources */ = {isa = PBXBuildFile; fileRef = 047BAF6421CF902600EAE1F7 /* ResultTableViewCell.swift */; };
		047BAF6721CF902600EAE1F7 /* ResultTableViewCell.xib in Resources */ = {isa = PBXBuildFile; fileRef = 047BAF6521CF902600EAE1F7 /* ResultTableViewCell.xib */; };
		047BAF6B21CFDE3A00EAE1F7 /* PostDataModel.swift in Sources */ = {isa = PBXBuildFile; fileRef = 047BAF6A21CFDE3A00EAE1F7 /* PostDataModel.swift */; };
/* End PBXBuildFile section */

/* Begin PBXFileReference section */
		047BAF3A21CF8BBE00EAE1F7 /* CoreDataSearch.app */ = {isa = PBXFileReference; explicitFileType = wrapper.application; includeInIndex = 0; path = CoreDataSearch.app; sourceTree = BUILT_PRODUCTS_DIR; };
		047BAF3D21CF8BBE00EAE1F7 /* AppDelegate.swift */ = {isa = PBXFileReference; lastKnownFileType = sourcecode.swift; path = AppDelegate.swift; sourceTree = "<group>"; };
		047BAF3F21CF8BBE00EAE1F7 /* ViewController.swift */ = {isa = PBXFileReference; lastKnownFileType = sourcecode.swift; path = ViewController.swift; sourceTree = "<group>"; };
		047BAF4221CF8BBE00EAE1F7 /* Base */ = {isa = PBXFileReference; lastKnownFileType = file.storyboard; name = Base; path = Base.lproj/Main.storyboard; sourceTree = "<group>"; };
		047BAF4521CF8BBE00EAE1F7 /* CoreDataSearch.xcdatamodel */ = {isa = PBXFileReference; lastKnownFileType = wrapper.xcdatamodel; path = CoreDataSearch.xcdatamodel; sourceTree = "<group>"; };
		047BAF4721CF8BBE00EAE1F7 /* Assets.xcassets */ = {isa = PBXFileReference; lastKnownFileType = folder.assetcatalog; path = Assets.xcassets; sourceTree = "<group>"; };
		047BAF4A21CF8BBE00EAE1F7 /* Base */ = {isa = PBXFileReference; lastKnownFileType = file.storyboard; name = Base; path = Base.lproj/LaunchScreen.storyboard; sourceTree = "<group>"; };
		047BAF4C21CF8BBE00EAE1F7 /* Info.plist */ = {isa = PBXFileReference; lastKnownFileType = text.plist.xml; path = Info.plist; sourceTree = "<group>"; };
		047BAF5421CF8FC600EAE1F7 /* TFTableViewCell.swift */ = {isa = PBXFileReference; lastKnownFileType = sourcecode.swift; path = TFTableViewCell.swift; sourceTree = "<group>"; };
		047BAF5521CF8FC600EAE1F7 /* TFTableViewCell.xib */ = {isa = PBXFileReference; lastKnownFileType = file.xib; path = TFTableViewCell.xib; sourceTree = "<group>"; };
		047BAF5821CF8FDC00EAE1F7 /* TVTableViewCell.swift */ = {isa = PBXFileReference; lastKnownFileType = sourcecode.swift; path = TVTableViewCell.swift; sourceTree = "<group>"; };
		047BAF5921CF8FDC00EAE1F7 /* TVTableViewCell.xib */ = {isa = PBXFileReference; lastKnownFileType = file.xib; path = TVTableViewCell.xib; sourceTree = "<group>"; };
		047BAF5C21CF8FEF00EAE1F7 /* BtnTableViewCell.swift */ = {isa = PBXFileReference; lastKnownFileType = sourcecode.swift; path = BtnTableViewCell.swift; sourceTree = "<group>"; };
		047BAF5D21CF8FEF00EAE1F7 /* BtnTableViewCell.xib */ = {isa = PBXFileReference; lastKnownFileType = file.xib; path = BtnTableViewCell.xib; sourceTree = "<group>"; };
		047BAF6021CF900500EAE1F7 /* CBTableViewCell.swift */ = {isa = PBXFileReference; lastKnownFileType = sourcecode.swift; path = CBTableViewCell.swift; sourceTree = "<group>"; };
		047BAF6121CF900500EAE1F7 /* CBTableViewCell.xib */ = {isa = PBXFileReference; lastKnownFileType = file.xib; path = CBTableViewCell.xib; sourceTree = "<group>"; };
		047BAF6421CF902600EAE1F7 /* ResultTableViewCell.swift */ = {isa = PBXFileReference; lastKnownFileType = sourcecode.swift; path = ResultTableViewCell.swift; sourceTree = "<group>"; };
		047BAF6521CF902600EAE1F7 /* ResultTableViewCell.xib */ = {isa = PBXFileReference; lastKnownFileType = file.xib; path = ResultTableViewCell.xib; sourceTree = "<group>"; };
		047BAF6A21CFDE3A00EAE1F7 /* PostDataModel.swift */ = {isa = PBXFileReference; lastKnownFileType = sourcecode.swift; path = PostDataModel.swift; sourceTree = "<group>"; };
/* End PBXFileReference section */

/* Begin PBXFrameworksBuildPhase section */
		047BAF3721CF8BBE00EAE1F7 /* Frameworks */ = {
			isa = PBXFrameworksBuildPhase;
			buildActionMask = 2147483647;
			files = (
			);
			runOnlyForDeploymentPostprocessing = 0;
		};
/* End PBXFrameworksBuildPhase section */

/* Begin PBXGroup section */
		047BAF3121CF8BBE00EAE1F7 = {
			isa = PBXGroup;
			children = (
				047BAF3C21CF8BBE00EAE1F7 /* CoreDataSearch */,
				047BAF3B21CF8BBE00EAE1F7 /* Products */,
			);
			sourceTree = "<group>";
		};
		047BAF3B21CF8BBE00EAE1F7 /* Products */ = {
			isa = PBXGroup;
			children = (
				047BAF3A21CF8BBE00EAE1F7 /* CoreDataSearch.app */,
			);
			name = Products;
			sourceTree = "<group>";
		};
		047BAF3C21CF8BBE00EAE1F7 /* CoreDataSearch */ = {
			isa = PBXGroup;
			children = (
				047BAF6921CFDE0500EAE1F7 /* Class */,
				047BAF6821CFAEC600EAE1F7 /* UIKit */,
				047BAF5321CF8FAD00EAE1F7 /* View */,
				047BAF3D21CF8BBE00EAE1F7 /* AppDelegate.swift */,
				047BAF3F21CF8BBE00EAE1F7 /* ViewController.swift */,
				047BAF4121CF8BBE00EAE1F7 /* Main.storyboard */,
				047BAF4721CF8BBE00EAE1F7 /* Assets.xcassets */,
				047BAF4921CF8BBE00EAE1F7 /* LaunchScreen.storyboard */,
				047BAF4C21CF8BBE00EAE1F7 /* Info.plist */,
				047BAF4421CF8BBE00EAE1F7 /* CoreDataSearch.xcdatamodeld */,
			);
			path = CoreDataSearch;
			sourceTree = "<group>";
		};
		047BAF5321CF8FAD00EAE1F7 /* View */ = {
			isa = PBXGroup;
			children = (
				047BAF5421CF8FC600EAE1F7 /* TFTableViewCell.swift */,
				047BAF5521CF8FC600EAE1F7 /* TFTableViewCell.xib */,
				047BAF5821CF8FDC00EAE1F7 /* TVTableViewCell.swift */,
				047BAF5921CF8FDC00EAE1F7 /* TVTableViewCell.xib */,
				047BAF5C21CF8FEF00EAE1F7 /* BtnTableViewCell.swift */,
				047BAF5D21CF8FEF00EAE1F7 /* BtnTableViewCell.xib */,
				047BAF6021CF900500EAE1F7 /* CBTableViewCell.swift */,
				047BAF6121CF900500EAE1F7 /* CBTableViewCell.xib */,
				047BAF6421CF902600EAE1F7 /* ResultTableViewCell.swift */,
				047BAF6521CF902600EAE1F7 /* ResultTableViewCell.xib */,
			);
			path = View;
			sourceTree = "<group>";
		};
		047BAF6821CFAEC600EAE1F7 /* UIKit */ = {
			isa = PBXGroup;
			children = (
			);
			path = UIKit;
			sourceTree = "<group>";
		};
		047BAF6921CFDE0500EAE1F7 /* Class */ = {
			isa = PBXGroup;
			children = (
				047BAF6A21CFDE3A00EAE1F7 /* PostDataModel.swift */,
			);
			path = Class;
			sourceTree = "<group>";
		};
/* End PBXGroup section */

/* Begin PBXNativeTarget section */
		047BAF3921CF8BBE00EAE1F7 /* CoreDataSearch */ = {
			isa = PBXNativeTarget;
			buildConfigurationList = 047BAF4F21CF8BBE00EAE1F7 /* Build configuration list for PBXNativeTarget "CoreDataSearch" */;
			buildPhases = (
				047BAF3621CF8BBE00EAE1F7 /* Sources */,
				047BAF3721CF8BBE00EAE1F7 /* Frameworks */,
				047BAF3821CF8BBE00EAE1F7 /* Resources */,
			);
			buildRules = (
			);
			dependencies = (
			);
			name = CoreDataSearch;
			productName = CoreDataSearch;
			productReference = 047BAF3A21CF8BBE00EAE1F7 /* CoreDataSearch.app */;
			productType = "com.apple.product-type.application";
		};
/* End PBXNativeTarget section */

/* Begin PBXProject section */
		047BAF3221CF8BBE00EAE1F7 /* Project object */ = {
			isa = PBXProject;
			attributes = {
				LastSwiftUpdateCheck = 0900;
				LastUpgradeCheck = 0900;
				ORGANIZATIONNAME = Atul;
				TargetAttributes = {
					047BAF3921CF8BBE00EAE1F7 = {
						CreatedOnToolsVersion = 9.0;
						ProvisioningStyle = Automatic;
					};
				};
			};
			buildConfigurationList = 047BAF3521CF8BBE00EAE1F7 /* Build configuration list for PBXProject "CoreDataSearch" */;
			compatibilityVersion = "Xcode 8.0";
			developmentRegion = en;
			hasScannedForEncodings = 0;
			knownRegions = (
				en,
				Base,
			);
			mainGroup = 047BAF3121CF8BBE00EAE1F7;
			productRefGroup = 047BAF3B21CF8BBE00EAE1F7 /* Products */;
			projectDirPath = "";
			projectRoot = "";
			targets = (
				047BAF3921CF8BBE00EAE1F7 /* CoreDataSearch */,
			);
		};
/* End PBXProject section */

/* Begin PBXResourcesBuildPhase section */
		047BAF3821CF8BBE00EAE1F7 /* Resources */ = {
			isa = PBXResourcesBuildPhase;
			buildActionMask = 2147483647;
			files = (
				047BAF5F21CF8FEF00EAE1F7 /* BtnTableViewCell.xib in Resources */,
				047BAF4B21CF8BBE00EAE1F7 /* LaunchScreen.storyboard in Resources */,
				047BAF6721CF902600EAE1F7 /* ResultTableViewCell.xib in Resources */,
				047BAF5721CF8FC600EAE1F7 /* TFTableViewCell.xib in Resources */,
				047BAF4821CF8BBE00EAE1F7 /* Assets.xcassets in Resources */,
				047BAF5B21CF8FDC00EAE1F7 /* TVTableViewCell.xib in Resources */,
				047BAF4321CF8BBE00EAE1F7 /* Main.storyboard in Resources */,
				047BAF6321CF900500EAE1F7 /* CBTableViewCell.xib in Resources */,
			);
			runOnlyForDeploymentPostprocessing = 0;
		};
/* End PBXResourcesBuildPhase section */

/* Begin PBXSourcesBuildPhase section */
		047BAF3621CF8BBE00EAE1F7 /* Sources */ = {
			isa = PBXSourcesBuildPhase;
			buildActionMask = 2147483647;
			files = (
				047BAF5E21CF8FEF00EAE1F7 /* BtnTableViewCell.swift in Sources */,
				047BAF4021CF8BBE00EAE1F7 /* ViewController.swift in Sources */,
				047BAF5621CF8FC600EAE1F7 /* TFTableViewCell.swift in Sources */,
				047BAF5A21CF8FDC00EAE1F7 /* TVTableViewCell.swift in Sources */,
				047BAF3E21CF8BBE00EAE1F7 /* AppDelegate.swift in Sources */,
				047BAF4621CF8BBE00EAE1F7 /* CoreDataSearch.xcdatamodeld in Sources */,
				047BAF6621CF902600EAE1F7 /* ResultTableViewCell.swift in Sources */,
				047BAF6B21CFDE3A00EAE1F7 /* PostDataModel.swift in Sources */,
				047BAF6221CF900500EAE1F7 /* CBTableViewCell.swift in Sources */,
			);
			runOnlyForDeploymentPostprocessing = 0;
		};
/* End PBXSourcesBuildPhase section */

/* Begin PBXVariantGroup section */
		047BAF4121CF8BBE00EAE1F7 /* Main.storyboard */ = {
			isa = PBXVariantGroup;
			children = (
				047BAF4221CF8BBE00EAE1F7 /* Base */,
			);
			name = Main.storyboard;
			sourceTree = "<group>";
		};
		047BAF4921CF8BBE00EAE1F7 /* LaunchScreen.storyboard */ = {
			isa = PBXVariantGroup;
			children = (
				047BAF4A21CF8BBE00EAE1F7 /* Base */,
			);
			name = LaunchScreen.storyboard;
			sourceTree = "<group>";
		};
/* End PBXVariantGroup section */

/* Begin XCBuildConfiguration section */
		047BAF4D21CF8BBE00EAE1F7 /* Debug */ = {
			isa = XCBuildConfiguration;
			buildSettings = {
				ALWAYS_SEARCH_USER_PATHS = NO;
				CLANG_ANALYZER_NONNULL = YES;
				CLANG_ANALYZER_NUMBER_OBJECT_CONVERSION = YES_AGGRESSIVE;
				CLANG_CXX_LANGUAGE_STANDARD = "gnu++14";
				CLANG_CXX_LIBRARY = "libc++";
				CLANG_ENABLE_MODULES = YES;
				CLANG_ENABLE_OBJC_ARC = YES;
				CLANG_WARN_BLOCK_CAPTURE_AUTORELEASING = YES;
				CLANG_WARN_BOOL_CONVERSION = YES;
				CLANG_WARN_COMMA = YES;
				CLANG_WARN_CONSTANT_CONVERSION = YES;
				CLANG_WARN_DIRECT_OBJC_ISA_USAGE = YES_ERROR;
				CLANG_WARN_DOCUMENTATION_COMMENTS = YES;
				CLANG_WARN_EMPTY_BODY = YES;
				CLANG_WARN_ENUM_CONVERSION = YES;
				CLANG_WARN_INFINITE_RECURSION = YES;
				CLANG_WARN_INT_CONVERSION = YES;
				CLANG_WARN_NON_LITERAL_NULL_CONVERSION = YES;
				CLANG_WARN_OBJC_LITERAL_CONVERSION = YES;
				CLANG_WARN_OBJC_ROOT_CLASS = YES_ERROR;
				CLANG_WARN_RANGE_LOOP_ANALYSIS = YES;
				CLANG_WARN_STRICT_PROTOTYPES = YES;
				CLANG_WARN_SUSPICIOUS_MOVE = YES;
				CLANG_WARN_UNGUARDED_AVAILABILITY = YES_AGGRESSIVE;
				CLANG_WARN_UNREACHABLE_CODE = YES;
				CLANG_WARN__DUPLICATE_METHOD_MATCH = YES;
				CODE_SIGN_IDENTITY = "iPhone Developer";
				COPY_PHASE_STRIP = NO;
				DEBUG_INFORMATION_FORMAT = dwarf;
				ENABLE_STRICT_OBJC_MSGSEND = YES;
				ENABLE_TESTABILITY = YES;
				GCC_C_LANGUAGE_STANDARD = gnu11;
				GCC_DYNAMIC_NO_PIC = NO;
				GCC_NO_COMMON_BLOCKS = YES;
				GCC_OPTIMIZATION_LEVEL = 0;
				GCC_PREPROCESSOR_DEFINITIONS = (
					"DEBUG=1",
					"$(inherited)",
				);
				GCC_WARN_64_TO_32_BIT_CONVERSION = YES;
				GCC_WARN_ABOUT_RETURN_TYPE = YES_ERROR;
				GCC_WARN_UNDECLARED_SELECTOR = YES;
				GCC_WARN_UNINITIALIZED_AUTOS = YES_AGGRESSIVE;
				GCC_WARN_UNUSED_FUNCTION = YES;
				GCC_WARN_UNUSED_VARIABLE = YES;
				IPHONEOS_DEPLOYMENT_TARGET = 11.0;
				MTL_ENABLE_DEBUG_INFO = YES;
				ONLY_ACTIVE_ARCH = YES;
				SDKROOT = iphoneos;
				SWIFT_ACTIVE_COMPILATION_CONDITIONS = DEBUG;
				SWIFT_OPTIMIZATION_LEVEL = "-Onone";
			};
			name = Debug;
		};
		047BAF4E21CF8BBE00EAE1F7 /* Release */ = {
			isa = XCBuildConfiguration;
			buildSettings = {
				ALWAYS_SEARCH_USER_PATHS = NO;
				CLANG_ANALYZER_NONNULL = YES;
				CLANG_ANALYZER_NUMBER_OBJECT_CONVERSION = YES_AGGRESSIVE;
				CLANG_CXX_LANGUAGE_STANDARD = "gnu++14";
				CLANG_CXX_LIBRARY = "libc++";
				CLANG_ENABLE_MODULES = YES;
				CLANG_ENABLE_OBJC_ARC = YES;
				CLANG_WARN_BLOCK_CAPTURE_AUTORELEASING = YES;
				CLANG_WARN_BOOL_CONVERSION = YES;
				CLANG_WARN_COMMA = YES;
				CLANG_WARN_CONSTANT_CONVERSION = YES;
				CLANG_WARN_DIRECT_OBJC_ISA_USAGE = YES_ERROR;
				CLANG_WARN_DOCUMENTATION_COMMENTS = YES;
				CLANG_WARN_EMPTY_BODY = YES;
				CLANG_WARN_ENUM_CONVERSION = YES;
				CLANG_WARN_INFINITE_RECURSION = YES;
				CLANG_WARN_INT_CONVERSION = YES;
				CLANG_WARN_NON_LITERAL_NULL_CONVERSION = YES;
				CLANG_WARN_OBJC_LITERAL_CONVERSION = YES;
				CLANG_WARN_OBJC_ROOT_CLASS = YES_ERROR;
				CLANG_WARN_RANGE_LOOP_ANALYSIS = YES;
				CLANG_WARN_STRICT_PROTOTYPES = YES;
				CLANG_WARN_SUSPICIOUS_MOVE = YES;
				CLANG_WARN_UNGUARDED_AVAILABILITY = YES_AGGRESSIVE;
				CLANG_WARN_UNREACHABLE_CODE = YES;
				CLANG_WARN__DUPLICATE_METHOD_MATCH = YES;
				CODE_SIGN_IDENTITY = "iPhone Developer";
				COPY_PHASE_STRIP = NO;
				DEBUG_INFORMATION_FORMAT = "dwarf-with-dsym";
				ENABLE_NS_ASSERTIONS = NO;
				ENABLE_STRICT_OBJC_MSGSEND = YES;
				GCC_C_LANGUAGE_STANDARD = gnu11;
				GCC_NO_COMMON_BLOCKS = YES;
				GCC_WARN_64_TO_32_BIT_CONVERSION = YES;
				GCC_WARN_ABOUT_RETURN_TYPE = YES_ERROR;
				GCC_WARN_UNDECLARED_SELECTOR = YES;
				GCC_WARN_UNINITIALIZED_AUTOS = YES_AGGRESSIVE;
				GCC_WARN_UNUSED_FUNCTION = YES;
				GCC_WARN_UNUSED_VARIABLE = YES;
				IPHONEOS_DEPLOYMENT_TARGET = 11.0;
				MTL_ENABLE_DEBUG_INFO = NO;
				SDKROOT = iphoneos;
				SWIFT_OPTIMIZATION_LEVEL = "-Owholemodule";
				VALIDATE_PRODUCT = YES;
			};
			name = Release;
		};
		047BAF5021CF8BBE00EAE1F7 /* Debug */ = {
			isa = XCBuildConfiguration;
			buildSettings = {
				ASSETCATALOG_COMPILER_APPICON_NAME = AppIcon;
				CODE_SIGN_STYLE = Automatic;
				DEVELOPMENT_TEAM = 47P77YSAZ5;
				INFOPLIST_FILE = CoreDataSearch/Info.plist;
				LD_RUNPATH_SEARCH_PATHS = "$(inherited) @executable_path/Frameworks";
				PRODUCT_BUNDLE_IDENTIFIER = Self.CoreDataSearch;
				PRODUCT_NAME = "$(TARGET_NAME)";
				SWIFT_VERSION = 4.0;
				TARGETED_DEVICE_FAMILY = "1,2";
			};
			name = Debug;
		};
		047BAF5121CF8BBE00EAE1F7 /* Release */ = {
			isa = XCBuildConfiguration;
			buildSettings = {
				ASSETCATALOG_COMPILER_APPICON_NAME = AppIcon;
				CODE_SIGN_STYLE = Automatic;
				DEVELOPMENT_TEAM = 47P77YSAZ5;
				INFOPLIST_FILE = CoreDataSearch/Info.plist;
				LD_RUNPATH_SEARCH_PATHS = "$(inherited) @executable_path/Frameworks";
				PRODUCT_BUNDLE_IDENTIFIER = Self.CoreDataSearch;
				PRODUCT_NAME = "$(TARGET_NAME)";
				SWIFT_VERSION = 4.0;
				TARGETED_DEVICE_FAMILY = "1,2";
			};
			name = Release;
		};
/* End XCBuildConfiguration section */

/* Begin XCConfigurationList section */
		047BAF3521CF8BBE00EAE1F7 /* Build configuration list for PBXProject "CoreDataSearch" */ = {
			isa = XCConfigurationList;
			buildConfigurations = (
				047BAF4D21CF8BBE00EAE1F7 /* Debug */,
				047BAF4E21CF8BBE00EAE1F7 /* Release */,
			);
			defaultConfigurationIsVisible = 0;
			defaultConfigurationName = Release;
		};
		047BAF4F21CF8BBE00EAE1F7 /* Build configuration list for PBXNativeTarget "CoreDataSearch" */ = {
			isa = XCConfigurationList;
			buildConfigurations = (
				047BAF5021CF8BBE00EAE1F7 /* Debug */,
				047BAF5121CF8BBE00EAE1F7 /* Release */,
			);
			defaultConfigurationIsVisible = 0;
			defaultConfigurationName = Release;
		};
/* End XCConfigurationList section */

/* Begin XCVersionGroup section */
		047BAF4421CF8BBE00EAE1F7 /* CoreDataSearch.xcdatamodeld */ = {
			isa = XCVersionGroup;
			children = (
				047BAF4521CF8BBE00EAE1F7 /* CoreDataSearch.xcdatamodel */,
			);
			currentVersion = 047BAF4521CF8BBE00EAE1F7 /* CoreDataSearch.xcdatamodel */;
			path = CoreDataSearch.xcdatamodeld;
			sourceTree = "<group>";
			versionGroupType = wrapper.xcdatamodel;
		};
/* End XCVersionGroup section */
	};
	rootObject = 047BAF3221CF8BBE00EAE1F7 /* Project object */;
}
